
Microsoft Visual Studio Solution File, Format Version 12.00
# Visual Studio 15
VisualStudioVersion = 15.0.27004.2006
MinimumVisualStudioVersion = 10.0.40219.1
Project("{FAE04EC0-301F-11D3-BF4B-00C04F79EFBC}") = "IdentifyApp", "IdentifyApp\IdentifyApp.csproj", "{0AB97105-ABEF-4341-8254-5E61BEB32E70}"
EndProject
Project("{FAE04EC0-301F-11D3-BF4B-00C04F79EFBC}") = "IdentifyWeb", "IdentifyWeb\IdentifyWeb.csproj", "{70B2C2E7-3251-4FD4-8695-0823841262F4}"
EndProject
Global
	GlobalSection(SolutionConfigurationPlatforms) = preSolution
		Debug|Any CPU = Debug|Any CPU
		Debug|ARM = Debug|ARM
		Debug|x64 = Debug|x64
		Debug|x86 = Debug|x86
		Release|Any CPU = Release|Any CPU
		Release|ARM = Release|ARM
		Release|x64 = Release|x64
		Release|x86 = Release|x86
	EndGlobalSection
	GlobalSection(ProjectConfigurationPlatforms) = postSolution
		{0AB97105-ABEF-4341-8254-5E61BEB32E70}.Debug|Any CPU.ActiveCfg = Debug|x86
		{0AB97105-ABEF-4341-8254-5E61BEB32E70}.Debug|ARM.ActiveCfg = Debug|ARM
		{0AB97105-ABEF-4341-8254-5E61BEB32E70}.Debug|ARM.Build.0 = Debug|ARM
		{0AB97105-ABEF-4341-8254-5E61BEB32E70}.Debug|ARM.Deploy.0 = Debug|ARM
		{0AB97105-ABEF-4341-8254-5E61BEB32E70}.Debug|x64.ActiveCfg = Debug|x64
		{0AB97105-ABEF-4341-8254-5E61BEB32E70}.Debug|x64.Build.0 = Debug|x64
		{0AB97105-ABEF-4341-8254-5E61BEB32E70}.Debug|x64.Deploy.0 = Debug|x64
		{0AB97105-ABEF-4341-8254-5E61BEB32E70}.Debug|x86.ActiveCfg = Debug|x86
		{0AB97105-ABEF-4341-8254-5E61BEB32E70}.Debug|x86.Build.0 = Debug|x86
		{0AB97105-ABEF-4341-8254-5E61BEB32E70}.Debug|x86.Deploy.0 = Debug|x86
		{0AB97105-ABEF-4341-8254-5E61BEB32E70}.Release|Any CPU.ActiveCfg = Release|x86
		{0AB97105-ABEF-4341-8254-5E61BEB32E70}.Release|ARM.ActiveCfg = Release|ARM
		{0AB97105-ABEF-4341-8254-5E61BEB32E70}.Release|ARM.Build.0 = Release|ARM
		{0AB97105-ABEF-4341-8254-5E61BEB32E70}.Release|ARM.Deploy.0 = Release|ARM
		{0AB97105-ABEF-4341-8254-5E61BEB32E70}.Release|x64.ActiveCfg = Release|x64
		{0AB97105-ABEF-4341-8254-5E61BEB32E70}.Release|x64.Build.0 = Release|x64
		{0AB97105-ABEF-4341-8254-5E61BEB32E70}.Release|x64.Deploy.0 = Release|x64
		{0AB97105-ABEF-4341-8254-5E61BEB32E70}.Release|x86.ActiveCfg = Release|x86
		{0AB97105-ABEF-4341-8254-5E61BEB32E70}.Release|x86.Build.0 = Release|x86
		{0AB97105-ABEF-4341-8254-5E61BEB32E70}.Release|x86.Deploy.0 = Release|x86
		{70B2C2E7-3251-4FD4-8695-0823841262F4}.Debug|Any CPU.ActiveCfg = Debug|Any CPU
		{70B2C2E7-3251-4FD4-8695-0823841262F4}.Debug|Any CPU.Build.0 = Debug|Any CPU
		{70B2C2E7-3251-4FD4-8695-0823841262F4}.Debug|ARM.ActiveCfg = Debug|Any CPU
		{70B2C2E7-3251-4FD4-8695-0823841262F4}.Debug|ARM.Build.0 = Debug|Any CPU
		{70B2C2E7-3251-4FD4-8695-0823841262F4}.Debug|x64.ActiveCfg = Debug|Any CPU
		{70B2C2E7-3251-4FD4-8695-0823841262F4}.Debug|x64.Build.0 = Debug|Any CPU
		{70B2C2E7-3251-4FD4-8695-0823841262F4}.Debug|x86.ActiveCfg = Debug|Any CPU
		{70B2C2E7-3251-4FD4-8695-0823841262F4}.Debug|x86.Build.0 = Debug|Any CPU
		{70B2C2E7-3251-4FD4-8695-0823841262F4}.Release|Any CPU.ActiveCfg = Release|Any CPU
		{70B2C2E7-3251-4FD4-8695-0823841262F4}.Release|Any CPU.Build.0 = Release|Any CPU
		{70B2C2E7-3251-4FD4-8695-0823841262F4}.Release|ARM.ActiveCfg = Release|Any CPU
		{70B2C2E7-3251-4FD4-8695-0823841262F4}.Release|ARM.Build.0 = Release|Any CPU
		{70B2C2E7-3251-4FD4-8695-0823841262F4}.Release|x64.ActiveCfg = Release|Any CPU
		{70B2C2E7-3251-4FD4-8695-0823841262F4}.Release|x64.Build.0 = Release|Any CPU
		{70B2C2E7-3251-4FD4-8695-0823841262F4}.Release|x86.ActiveCfg = Release|Any CPU
		{70B2C2E7-3251-4FD4-8695-0823841262F4}.Release|x86.Build.0 = Release|Any CPU
	EndGlobalSection
	GlobalSection(SolutionProperties) = preSolution
		HideSolutionNode = FALSE
	EndGlobalSection
	GlobalSection(ExtensibilityGlobals) = postSolution
		SolutionGuid = {0A9D23BE-FCB9-486A-A044-22C28A937410}
	EndGlobalSection
EndGlobal
